
Microsoft Visual Studio Solution File, Format Version 12.00
# Visual Studio Version 17
VisualStudioVersion = 17.5.33424.131
MinimumVisualStudioVersion = 10.0.40219.1
Project("{FAE04EC0-301F-11D3-BF4B-00C04F79EFBC}") = "WebApi", "WebApi\WebApi.csproj", "{F69AA6E0-5F87-4CE9-9B1C-B09DE0B55AF1}"
EndProject
Project("{FAE04EC0-301F-11D3-BF4B-00C04F79EFBC}") = "Model", "Model\Model.csproj", "{7244E8F7-B054-4598-86CC-D774268A9942}"
EndProject
Project("{FAE04EC0-301F-11D3-BF4B-00C04F79EFBC}") = "Repository", "Repository\Repository.csproj", "{6A7C85DD-DBAA-4519-855B-557380DEE19D}"
EndProject
Project("{FAE04EC0-301F-11D3-BF4B-00C04F79EFBC}") = "Domain", "Domain\Domain.csproj", "{0F255E10-EFA3-4237-B1C1-3E7556948A52}"
EndProject
Project("{FAE04EC0-301F-11D3-BF4B-00C04F79EFBC}") = "PublicTool", "PublicTool\PublicTool.csproj", "{D7C80985-54C4-451C-9872-612B881984C0}"
EndProject
Global
	GlobalSection(SolutionConfigurationPlatforms) = preSolution
		Debug|Any CPU = Debug|Any CPU
		Release|Any CPU = Release|Any CPU
	EndGlobalSection
	GlobalSection(ProjectConfigurationPlatforms) = postSolution
		{F69AA6E0-5F87-4CE9-9B1C-B09DE0B55AF1}.Debug|Any CPU.ActiveCfg = Debug|Any CPU
		{F69AA6E0-5F87-4CE9-9B1C-B09DE0B55AF1}.Debug|Any CPU.Build.0 = Debug|Any CPU
		{F69AA6E0-5F87-4CE9-9B1C-B09DE0B55AF1}.Release|Any CPU.ActiveCfg = Release|Any CPU
		{F69AA6E0-5F87-4CE9-9B1C-B09DE0B55AF1}.Release|Any CPU.Build.0 = Release|Any CPU
		{7244E8F7-B054-4598-86CC-D774268A9942}.Debug|Any CPU.ActiveCfg = Debug|Any CPU
		{7244E8F7-B054-4598-86CC-D774268A9942}.Debug|Any CPU.Build.0 = Debug|Any CPU
		{7244E8F7-B054-4598-86CC-D774268A9942}.Release|Any CPU.ActiveCfg = Release|Any CPU
		{7244E8F7-B054-4598-86CC-D774268A9942}.Release|Any CPU.Build.0 = Release|Any CPU
		{6A7C85DD-DBAA-4519-855B-557380DEE19D}.Debug|Any CPU.ActiveCfg = Debug|Any CPU
		{6A7C85DD-DBAA-4519-855B-557380DEE19D}.Debug|Any CPU.Build.0 = Debug|Any CPU
		{6A7C85DD-DBAA-4519-855B-557380DEE19D}.Release|Any CPU.ActiveCfg = Release|Any CPU
		{6A7C85DD-DBAA-4519-855B-557380DEE19D}.Release|Any CPU.Build.0 = Release|Any CPU
		{0F255E10-EFA3-4237-B1C1-3E7556948A52}.Debug|Any CPU.ActiveCfg = Debug|Any CPU
		{0F255E10-EFA3-4237-B1C1-3E7556948A52}.Debug|Any CPU.Build.0 = Debug|Any CPU
		{0F255E10-EFA3-4237-B1C1-3E7556948A52}.Release|Any CPU.ActiveCfg = Release|Any CPU
		{0F255E10-EFA3-4237-B1C1-3E7556948A52}.Release|Any CPU.Build.0 = Release|Any CPU
		{D7C80985-54C4-451C-9872-612B881984C0}.Debug|Any CPU.ActiveCfg = Debug|Any CPU
		{D7C80985-54C4-451C-9872-612B881984C0}.Debug|Any CPU.Build.0 = Debug|Any CPU
		{D7C80985-54C4-451C-9872-612B881984C0}.Release|Any CPU.ActiveCfg = Release|Any CPU
		{D7C80985-54C4-451C-9872-612B881984C0}.Release|Any CPU.Build.0 = Release|Any CPU
	EndGlobalSection
	GlobalSection(SolutionProperties) = preSolution
		HideSolutionNode = FALSE
	EndGlobalSection
	GlobalSection(ExtensibilityGlobals) = postSolution
		SolutionGuid = {E589AA7D-3706-413A-A36D-D4401F0B3009}
	EndGlobalSection
EndGlobal
